// !$*UTF8*$!
{
	archiveVersion = 1;
	classes = {
	};
	objectVersion = 46;
	objects = {

/* Begin PBXBuildFile section */
		49101C83188CAEFF00E628B4 /* OpenGLManager.m in Sources */ = {isa = PBXBuildFile; fileRef = 49101C82188CAEFF00E628B4 /* OpenGLManager.m */; };
		49101C8D188CB64600E628B4 /* WindowManager.m in Sources */ = {isa = PBXBuildFile; fileRef = 49101C8C188CB64600E628B4 /* WindowManager.m */; };
		49101C8E188CCC2900E628B4 /* main.m in Sources */ = {isa = PBXBuildFile; fileRef = 4989C75B1873B057001473AA /* main.m */; };
		49101C96188CD26700E628B4 /* ESize.m in Sources */ = {isa = PBXBuildFile; fileRef = 49101C93188CCFC100E628B4 /* ESize.m */; };
		49101C99188CD3FD00E628B4 /* EOrtho.m in Sources */ = {isa = PBXBuildFile; fileRef = 49101C98188CD3FD00E628B4 /* EOrtho.m */; };
		49101C9C188CD4D900E628B4 /* EColor.m in Sources */ = {isa = PBXBuildFile; fileRef = 49101C9B188CD4D900E628B4 /* EColor.m */; };
		49531C7B188CDEC5006E48B5 /* Transmitter.m in Sources */ = {isa = PBXBuildFile; fileRef = 49531C7A188CDEC5006E48B5 /* Transmitter.m */; };
		49531C7F188CDEE7006E48B5 /* Manager.m in Sources */ = {isa = PBXBuildFile; fileRef = 49531C7E188CDEE7006E48B5 /* Manager.m */; };
		49531C85188CE285006E48B5 /* InputManager.m in Sources */ = {isa = PBXBuildFile; fileRef = 49531C84188CE285006E48B5 /* InputManager.m */; };
		49531C89188CE798006E48B5 /* ObjectManager.m in Sources */ = {isa = PBXBuildFile; fileRef = 49531C88188CE798006E48B5 /* ObjectManager.m */; };
		49531C8C188CE7CB006E48B5 /* EObject.m in Sources */ = {isa = PBXBuildFile; fileRef = 49531C8B188CE7CB006E48B5 /* EObject.m */; };
		49531C8F188CE8CD006E48B5 /* EPoint.m in Sources */ = {isa = PBXBuildFile; fileRef = 49531C8E188CE8CD006E48B5 /* EPoint.m */; };
		49531C92188CE921006E48B5 /* EShape.m in Sources */ = {isa = PBXBuildFile; fileRef = 49531C91188CE921006E48B5 /* EShape.m */; };
		4989C7501873B057001473AA /* Cocoa.framework in Frameworks */ = {isa = PBXBuildFile; fileRef = 4989C74F1873B057001473AA /* Cocoa.framework */; };
		4989C7601873B057001473AA /* Credits.rtf in Resources */ = {isa = PBXBuildFile; fileRef = 4989C75E1873B057001473AA /* Credits.rtf */; };
		4989C7631873B057001473AA /* AppDelegate.m in Sources */ = {isa = PBXBuildFile; fileRef = 4989C7621873B057001473AA /* AppDelegate.m */; };
		4989C7681873B057001473AA /* Images.xcassets in Resources */ = {isa = PBXBuildFile; fileRef = 4989C7671873B057001473AA /* Images.xcassets */; };
		4989C76F1873B057001473AA /* XCTest.framework in Frameworks */ = {isa = PBXBuildFile; fileRef = 4989C76E1873B057001473AA /* XCTest.framework */; };
		4989C7701873B057001473AA /* Cocoa.framework in Frameworks */ = {isa = PBXBuildFile; fileRef = 4989C74F1873B057001473AA /* Cocoa.framework */; };
		4989C7781873B057001473AA /* InfoPlist.strings in Resources */ = {isa = PBXBuildFile; fileRef = 4989C7761873B057001473AA /* InfoPlist.strings */; };
		4989C77A1873B057001473AA /* FunWithOpenGLTests.m in Sources */ = {isa = PBXBuildFile; fileRef = 4989C7791873B057001473AA /* FunWithOpenGLTests.m */; };
		4989C7851873B0BD001473AA /* MainView.m in Sources */ = {isa = PBXBuildFile; fileRef = 4989C7841873B0BD001473AA /* MainView.m */; };
		4989C7871873B320001473AA /* OpenGL.framework in Frameworks */ = {isa = PBXBuildFile; fileRef = 4989C7861873B320001473AA /* OpenGL.framework */; };
		49B6C0B0188CEDFB00EAE8CE /* GameManager.m in Sources */ = {isa = PBXBuildFile; fileRef = 49B6C0AF188CEDFB00EAE8CE /* GameManager.m */; };
		49B6C0B3188CEF1100EAE8CE /* ETicker.m in Sources */ = {isa = PBXBuildFile; fileRef = 49B6C0B2188CEF1100EAE8CE /* ETicker.m */; };
/* End PBXBuildFile section */

/* Begin PBXContainerItemProxy section */
		4989C7711873B057001473AA /* PBXContainerItemProxy */ = {
			isa = PBXContainerItemProxy;
			containerPortal = 4989C7441873B057001473AA /* Project object */;
			proxyType = 1;
			remoteGlobalIDString = 4989C74B1873B057001473AA;
			remoteInfo = FunWithOpenGL;
		};
/* End PBXContainerItemProxy section */

/* Begin PBXFileReference section */
		49101C7E188CA92600E628B4 /* Level1.h */ = {isa = PBXFileReference; fileEncoding = 4; lastKnownFileType = sourcecode.c.h; path = Level1.h; sourceTree = "<group>"; };
		49101C7F188CA92600E628B4 /* Level1.m */ = {isa = PBXFileReference; fileEncoding = 4; lastKnownFileType = sourcecode.c.objc; path = Level1.m; sourceTree = "<group>"; };
		49101C81188CAEFF00E628B4 /* OpenGLManager.h */ = {isa = PBXFileReference; fileEncoding = 4; lastKnownFileType = sourcecode.c.h; name = OpenGLManager.h; path = Managers/OpenGL/OpenGLManager.h; sourceTree = "<group>"; };
		49101C82188CAEFF00E628B4 /* OpenGLManager.m */ = {isa = PBXFileReference; fileEncoding = 4; lastKnownFileType = sourcecode.c.objc; name = OpenGLManager.m; path = Managers/OpenGL/OpenGLManager.m; sourceTree = "<group>"; };
		49101C89188CB15800E628B4 /* ManagerHeader.pch */ = {isa = PBXFileReference; lastKnownFileType = sourcecode.c.h; name = ManagerHeader.pch; path = Managers/ManagerHeader.pch; sourceTree = "<group>"; };
		49101C8B188CB64600E628B4 /* WindowManager.h */ = {isa = PBXFileReference; fileEncoding = 4; lastKnownFileType = sourcecode.c.h; name = WindowManager.h; path = Managers/Window/WindowManager.h; sourceTree = "<group>"; };
		49101C8C188CB64600E628B4 /* WindowManager.m */ = {isa = PBXFileReference; fileEncoding = 4; lastKnownFileType = sourcecode.c.objc; name = WindowManager.m; path = Managers/Window/WindowManager.m; sourceTree = "<group>"; };
		49101C92188CCFC100E628B4 /* ESize.h */ = {isa = PBXFileReference; fileEncoding = 4; lastKnownFileType = sourcecode.c.h; name = ESize.h; path = "Engine/Data Structures/ESize.h"; sourceTree = "<group>"; };
		49101C93188CCFC100E628B4 /* ESize.m */ = {isa = PBXFileReference; fileEncoding = 4; lastKnownFileType = sourcecode.c.objc; name = ESize.m; path = "Engine/Data Structures/ESize.m"; sourceTree = "<group>"; };
		49101C95188CD00100E628B4 /* EngineHeader.pch */ = {isa = PBXFileReference; lastKnownFileType = sourcecode.c.h; name = EngineHeader.pch; path = Engine/EngineHeader.pch; sourceTree = "<group>"; };
		49101C97188CD3FD00E628B4 /* EOrtho.h */ = {isa = PBXFileReference; fileEncoding = 4; lastKnownFileType = sourcecode.c.h; name = EOrtho.h; path = "Engine/Data Structures/EOrtho.h"; sourceTree = "<group>"; };
		49101C98188CD3FD00E628B4 /* EOrtho.m */ = {isa = PBXFileReference; fileEncoding = 4; lastKnownFileType = sourcecode.c.objc; name = EOrtho.m; path = "Engine/Data Structures/EOrtho.m"; sourceTree = "<group>"; };
		49101C9A188CD4D900E628B4 /* EColor.h */ = {isa = PBXFileReference; fileEncoding = 4; lastKnownFileType = sourcecode.c.h; name = EColor.h; path = "Engine/Data Structures/EColor.h"; sourceTree = "<group>"; };
		49101C9B188CD4D900E628B4 /* EColor.m */ = {isa = PBXFileReference; fileEncoding = 4; lastKnownFileType = sourcecode.c.objc; name = EColor.m; path = "Engine/Data Structures/EColor.m"; sourceTree = "<group>"; };
		492408341876176F006B6A1A /* EGLControl.h */ = {isa = PBXFileReference; fileEncoding = 4; lastKnownFileType = sourcecode.c.h; path = EGLControl.h; sourceTree = "<group>"; };
		492408351876176F006B6A1A /* EGLControl.m */ = {isa = PBXFileReference; fileEncoding = 4; lastKnownFileType = sourcecode.c.objc; path = EGLControl.m; sourceTree = "<group>"; };
		4924083718761B95006B6A1A /* EPolygon.h */ = {isa = PBXFileReference; fileEncoding = 4; lastKnownFileType = sourcecode.c.h; path = EPolygon.h; sourceTree = "<group>"; };
		4924083818761B95006B6A1A /* EPolygon.m */ = {isa = PBXFileReference; fileEncoding = 4; lastKnownFileType = sourcecode.c.objc; path = EPolygon.m; sourceTree = "<group>"; };
		4924083C18761D8F006B6A1A /* ECursor.h */ = {isa = PBXFileReference; fileEncoding = 4; lastKnownFileType = sourcecode.c.h; path = ECursor.h; sourceTree = "<group>"; };
		4924083D18761D8F006B6A1A /* ECursor.m */ = {isa = PBXFileReference; fileEncoding = 4; lastKnownFileType = sourcecode.c.objc; path = ECursor.m; sourceTree = "<group>"; };
		494405E8188AC88700146655 /* Environment.h */ = {isa = PBXFileReference; fileEncoding = 4; lastKnownFileType = sourcecode.c.h; path = Environment.h; sourceTree = "<group>"; };
		494405E9188AC88700146655 /* Environment.m */ = {isa = PBXFileReference; fileEncoding = 4; lastKnownFileType = sourcecode.c.objc; path = Environment.m; sourceTree = "<group>"; };
		494405EB188AC89600146655 /* Player.h */ = {isa = PBXFileReference; fileEncoding = 4; lastKnownFileType = sourcecode.c.h; path = Player.h; sourceTree = "<group>"; };
		494405EC188AC89600146655 /* Player.m */ = {isa = PBXFileReference; fileEncoding = 4; lastKnownFileType = sourcecode.c.objc; path = Player.m; sourceTree = "<group>"; };
		494405EE188AC8A100146655 /* Enemy.h */ = {isa = PBXFileReference; fileEncoding = 4; lastKnownFileType = sourcecode.c.h; path = Enemy.h; sourceTree = "<group>"; };
		494405EF188AC8A100146655 /* Enemy.m */ = {isa = PBXFileReference; fileEncoding = 4; lastKnownFileType = sourcecode.c.objc; path = Enemy.m; sourceTree = "<group>"; };
		494405F1188AC8E100146655 /* Entity.h */ = {isa = PBXFileReference; fileEncoding = 4; lastKnownFileType = sourcecode.c.h; path = Entity.h; sourceTree = "<group>"; };
		494405F2188AC8E100146655 /* Entity.m */ = {isa = PBXFileReference; fileEncoding = 4; lastKnownFileType = sourcecode.c.objc; path = Entity.m; sourceTree = "<group>"; };
		494405FA188ACA9C00146655 /* EMouseEvent.h */ = {isa = PBXFileReference; fileEncoding = 4; lastKnownFileType = sourcecode.c.h; path = EMouseEvent.h; sourceTree = "<group>"; };
		494405FB188ACA9C00146655 /* EMouseEvent.m */ = {isa = PBXFileReference; fileEncoding = 4; lastKnownFileType = sourcecode.c.objc; path = EMouseEvent.m; sourceTree = "<group>"; };
		49519FAD18777F280038D7D0 /* EInput.h */ = {isa = PBXFileReference; fileEncoding = 4; lastKnownFileType = sourcecode.c.h; path = EInput.h; sourceTree = "<group>"; };
		49519FAE18777F280038D7D0 /* EInput.m */ = {isa = PBXFileReference; fileEncoding = 4; lastKnownFileType = sourcecode.c.objc; path = EInput.m; sourceTree = "<group>"; };
		49519FB0187780B40038D7D0 /* EObjectController.h */ = {isa = PBXFileReference; fileEncoding = 4; lastKnownFileType = sourcecode.c.h; path = EObjectController.h; sourceTree = "<group>"; };
		49519FB1187780B40038D7D0 /* EObjectController.m */ = {isa = PBXFileReference; fileEncoding = 4; lastKnownFileType = sourcecode.c.objc; path = EObjectController.m; sourceTree = "<group>"; };
		49519FB4187782F90038D7D0 /* EFlashingTriangle.h */ = {isa = PBXFileReference; fileEncoding = 4; lastKnownFileType = sourcecode.c.h; path = EFlashingTriangle.h; sourceTree = "<group>"; };
		49519FB5187782F90038D7D0 /* EFlashingTriangle.m */ = {isa = PBXFileReference; fileEncoding = 4; lastKnownFileType = sourcecode.c.objc; path = EFlashingTriangle.m; sourceTree = "<group>"; };
		49519FB7187783070038D7D0 /* EFallingTriangle.h */ = {isa = PBXFileReference; fileEncoding = 4; lastKnownFileType = sourcecode.c.h; path = EFallingTriangle.h; sourceTree = "<group>"; };
		49519FB8187783070038D7D0 /* EFallingTriangle.m */ = {isa = PBXFileReference; fileEncoding = 4; lastKnownFileType = sourcecode.c.objc; path = EFallingTriangle.m; sourceTree = "<group>"; };
		49531C77188CDD7B006E48B5 /* TransmitterProtocol.h */ = {isa = PBXFileReference; lastKnownFileType = sourcecode.c.h; name = TransmitterProtocol.h; path = Engine/Protocols/TransmitterProtocol.h; sourceTree = "<group>"; };
		49531C78188CDD8A006E48B5 /* ReceiverProtocol.h */ = {isa = PBXFileReference; lastKnownFileType = sourcecode.c.h; name = ReceiverProtocol.h; path = Engine/Protocols/ReceiverProtocol.h; sourceTree = "<group>"; };
		49531C79188CDEC5006E48B5 /* Transmitter.h */ = {isa = PBXFileReference; fileEncoding = 4; lastKnownFileType = sourcecode.c.h; name = Transmitter.h; path = Managers/ObjectTypes/Transmitter.h; sourceTree = "<group>"; };
		49531C7A188CDEC5006E48B5 /* Transmitter.m */ = {isa = PBXFileReference; fileEncoding = 4; lastKnownFileType = sourcecode.c.objc; name = Transmitter.m; path = Managers/ObjectTypes/Transmitter.m; sourceTree = "<group>"; };
		49531C7D188CDEE7006E48B5 /* Manager.h */ = {isa = PBXFileReference; fileEncoding = 4; lastKnownFileType = sourcecode.c.h; name = Manager.h; path = Managers/ObjectTypes/Manager.h; sourceTree = "<group>"; };
		49531C7E188CDEE7006E48B5 /* Manager.m */ = {isa = PBXFileReference; fileEncoding = 4; lastKnownFileType = sourcecode.c.objc; name = Manager.m; path = Managers/ObjectTypes/Manager.m; sourceTree = "<group>"; };
		49531C83188CE285006E48B5 /* InputManager.h */ = {isa = PBXFileReference; fileEncoding = 4; lastKnownFileType = sourcecode.c.h; name = InputManager.h; path = Managers/InputManager/InputManager.h; sourceTree = "<group>"; };
		49531C84188CE285006E48B5 /* InputManager.m */ = {isa = PBXFileReference; fileEncoding = 4; lastKnownFileType = sourcecode.c.objc; name = InputManager.m; path = Managers/InputManager/InputManager.m; sourceTree = "<group>"; };
		49531C87188CE798006E48B5 /* ObjectManager.h */ = {isa = PBXFileReference; fileEncoding = 4; lastKnownFileType = sourcecode.c.h; name = ObjectManager.h; path = Managers/Object/ObjectManager.h; sourceTree = "<group>"; };
		49531C88188CE798006E48B5 /* ObjectManager.m */ = {isa = PBXFileReference; fileEncoding = 4; lastKnownFileType = sourcecode.c.objc; name = ObjectManager.m; path = Managers/Object/ObjectManager.m; sourceTree = "<group>"; };
		49531C8A188CE7CB006E48B5 /* EObject.h */ = {isa = PBXFileReference; fileEncoding = 4; lastKnownFileType = sourcecode.c.h; name = EObject.h; path = Managers/Object/EObject.h; sourceTree = "<group>"; };
		49531C8B188CE7CB006E48B5 /* EObject.m */ = {isa = PBXFileReference; fileEncoding = 4; lastKnownFileType = sourcecode.c.objc; name = EObject.m; path = Managers/Object/EObject.m; sourceTree = "<group>"; };
		49531C8D188CE8CD006E48B5 /* EPoint.h */ = {isa = PBXFileReference; fileEncoding = 4; lastKnownFileType = sourcecode.c.h; name = EPoint.h; path = "Engine/Data Structures/EPoint.h"; sourceTree = "<group>"; };
		49531C8E188CE8CD006E48B5 /* EPoint.m */ = {isa = PBXFileReference; fileEncoding = 4; lastKnownFileType = sourcecode.c.objc; name = EPoint.m; path = "Engine/Data Structures/EPoint.m"; sourceTree = "<group>"; };
		49531C90188CE921006E48B5 /* EShape.h */ = {isa = PBXFileReference; fileEncoding = 4; lastKnownFileType = sourcecode.c.h; name = EShape.h; path = "Engine/Data Structures/EShape.h"; sourceTree = "<group>"; };
		49531C91188CE921006E48B5 /* EShape.m */ = {isa = PBXFileReference; fileEncoding = 4; lastKnownFileType = sourcecode.c.objc; name = EShape.m; path = "Engine/Data Structures/EShape.m"; sourceTree = "<group>"; };
		4967241318761F6B00A4B67A /* ETicker.h */ = {isa = PBXFileReference; fileEncoding = 4; lastKnownFileType = sourcecode.c.h; path = ETicker.h; sourceTree = "<group>"; };
		4967241418761F6B00A4B67A /* ETicker.m */ = {isa = PBXFileReference; fileEncoding = 4; lastKnownFileType = sourcecode.c.objc; path = ETicker.m; sourceTree = "<group>"; };
		496724161876202700A4B67A /* EGame.h */ = {isa = PBXFileReference; fileEncoding = 4; lastKnownFileType = sourcecode.c.h; path = EGame.h; sourceTree = "<group>"; };
		496724171876202700A4B67A /* EGame.m */ = {isa = PBXFileReference; fileEncoding = 4; lastKnownFileType = sourcecode.c.objc; path = EGame.m; sourceTree = "<group>"; };
		49672419187634AB00A4B67A /* ERandom.h */ = {isa = PBXFileReference; fileEncoding = 4; lastKnownFileType = sourcecode.c.h; path = ERandom.h; sourceTree = "<group>"; };
		4967241A187634AB00A4B67A /* ERandom.m */ = {isa = PBXFileReference; fileEncoding = 4; lastKnownFileType = sourcecode.c.objc; path = ERandom.m; sourceTree = "<group>"; };
		4967241C187638C700A4B67A /* EGeneralMath.h */ = {isa = PBXFileReference; fileEncoding = 4; lastKnownFileType = sourcecode.c.h; path = EGeneralMath.h; sourceTree = "<group>"; };
		4967241D187638C700A4B67A /* EGeneralMath.m */ = {isa = PBXFileReference; fileEncoding = 4; lastKnownFileType = sourcecode.c.objc; path = EGeneralMath.m; sourceTree = "<group>"; };
		496724691877460700A4B67A /* EEventQueue.h */ = {isa = PBXFileReference; fileEncoding = 4; lastKnownFileType = sourcecode.c.h; path = EEventQueue.h; sourceTree = "<group>"; };
		4967246A1877460700A4B67A /* EEventQueue.m */ = {isa = PBXFileReference; fileEncoding = 4; lastKnownFileType = sourcecode.c.objc; path = EEventQueue.m; sourceTree = "<group>"; };
		4967246D187768A200A4B67A /* EEventObject.h */ = {isa = PBXFileReference; fileEncoding = 4; lastKnownFileType = sourcecode.c.h; path = EEventObject.h; sourceTree = "<group>"; };
		4967246E187768A200A4B67A /* EEventObject.m */ = {isa = PBXFileReference; fileEncoding = 4; lastKnownFileType = sourcecode.c.objc; path = EEventObject.m; sourceTree = "<group>"; };
		4989C74C1873B057001473AA /* FunWithOpenGL.app */ = {isa = PBXFileReference; explicitFileType = wrapper.application; includeInIndex = 0; path = FunWithOpenGL.app; sourceTree = BUILT_PRODUCTS_DIR; };
		4989C74F1873B057001473AA /* Cocoa.framework */ = {isa = PBXFileReference; lastKnownFileType = wrapper.framework; name = Cocoa.framework; path = System/Library/Frameworks/Cocoa.framework; sourceTree = SDKROOT; };
		4989C7521873B057001473AA /* AppKit.framework */ = {isa = PBXFileReference; lastKnownFileType = wrapper.framework; name = AppKit.framework; path = System/Library/Frameworks/AppKit.framework; sourceTree = SDKROOT; };
		4989C7531873B057001473AA /* CoreData.framework */ = {isa = PBXFileReference; lastKnownFileType = wrapper.framework; name = CoreData.framework; path = System/Library/Frameworks/CoreData.framework; sourceTree = SDKROOT; };
		4989C7541873B057001473AA /* Foundation.framework */ = {isa = PBXFileReference; lastKnownFileType = wrapper.framework; name = Foundation.framework; path = System/Library/Frameworks/Foundation.framework; sourceTree = SDKROOT; };
		4989C7571873B057001473AA /* FunWithOpenGL-Info.plist */ = {isa = PBXFileReference; lastKnownFileType = text.plist.xml; path = "FunWithOpenGL-Info.plist"; sourceTree = "<group>"; };
		4989C75B1873B057001473AA /* main.m */ = {isa = PBXFileReference; lastKnownFileType = sourcecode.c.objc; path = main.m; sourceTree = "<group>"; };
		4989C75D1873B057001473AA /* FunWithOpenGL-Prefix.pch */ = {isa = PBXFileReference; lastKnownFileType = sourcecode.c.h; path = "FunWithOpenGL-Prefix.pch"; sourceTree = "<group>"; };
		4989C75F1873B057001473AA /* en */ = {isa = PBXFileReference; lastKnownFileType = text.rtf; name = en; path = en.lproj/Credits.rtf; sourceTree = "<group>"; };
		4989C7611873B057001473AA /* AppDelegate.h */ = {isa = PBXFileReference; lastKnownFileType = sourcecode.c.h; path = AppDelegate.h; sourceTree = "<group>"; };
		4989C7621873B057001473AA /* AppDelegate.m */ = {isa = PBXFileReference; lastKnownFileType = sourcecode.c.objc; path = AppDelegate.m; sourceTree = "<group>"; };
		4989C7671873B057001473AA /* Images.xcassets */ = {isa = PBXFileReference; lastKnownFileType = folder.assetcatalog; path = Images.xcassets; sourceTree = "<group>"; };
		4989C76D1873B057001473AA /* FunWithOpenGLTests.xctest */ = {isa = PBXFileReference; explicitFileType = wrapper.cfbundle; includeInIndex = 0; path = FunWithOpenGLTests.xctest; sourceTree = BUILT_PRODUCTS_DIR; };
		4989C76E1873B057001473AA /* XCTest.framework */ = {isa = PBXFileReference; lastKnownFileType = wrapper.framework; name = XCTest.framework; path = Library/Frameworks/XCTest.framework; sourceTree = DEVELOPER_DIR; };
		4989C7751873B057001473AA /* FunWithOpenGLTests-Info.plist */ = {isa = PBXFileReference; lastKnownFileType = text.plist.xml; path = "FunWithOpenGLTests-Info.plist"; sourceTree = "<group>"; };
		4989C7771873B057001473AA /* en */ = {isa = PBXFileReference; lastKnownFileType = text.plist.strings; name = en; path = en.lproj/InfoPlist.strings; sourceTree = "<group>"; };
		4989C7791873B057001473AA /* FunWithOpenGLTests.m */ = {isa = PBXFileReference; lastKnownFileType = sourcecode.c.objc; path = FunWithOpenGLTests.m; sourceTree = "<group>"; };
		4989C7831873B0BD001473AA /* MainView.h */ = {isa = PBXFileReference; fileEncoding = 4; lastKnownFileType = sourcecode.c.h; path = MainView.h; sourceTree = "<group>"; };
		4989C7841873B0BD001473AA /* MainView.m */ = {isa = PBXFileReference; fileEncoding = 4; lastKnownFileType = sourcecode.c.objc; path = MainView.m; sourceTree = "<group>"; };
		4989C7861873B320001473AA /* OpenGL.framework */ = {isa = PBXFileReference; lastKnownFileType = wrapper.framework; name = OpenGL.framework; path = System/Library/Frameworks/OpenGL.framework; sourceTree = SDKROOT; };
		4989C7891874E2BF001473AA /* EVector.h */ = {isa = PBXFileReference; fileEncoding = 4; lastKnownFileType = sourcecode.c.h; path = EVector.h; sourceTree = "<group>"; };
		4989C78A1874E2BF001473AA /* EVector.m */ = {isa = PBXFileReference; fileEncoding = 4; lastKnownFileType = sourcecode.c.objc; path = EVector.m; sourceTree = "<group>"; };
		4989C78D1874E757001473AA /* Engine.h */ = {isa = PBXFileReference; lastKnownFileType = sourcecode.c.h; path = Engine.h; sourceTree = "<group>"; };
		498CE8811877B4D100B24383 /* ECollision.h */ = {isa = PBXFileReference; fileEncoding = 4; lastKnownFileType = sourcecode.c.h; path = ECollision.h; sourceTree = "<group>"; };
		498CE8821877B4D100B24383 /* ECollision.m */ = {isa = PBXFileReference; fileEncoding = 4; lastKnownFileType = sourcecode.c.objc; path = ECollision.m; sourceTree = "<group>"; };
		4994440818777C1000D91793 /* ECursorShape.h */ = {isa = PBXFileReference; fileEncoding = 4; lastKnownFileType = sourcecode.c.h; path = ECursorShape.h; sourceTree = "<group>"; };
		4994440918777C1000D91793 /* ECursorShape.m */ = {isa = PBXFileReference; fileEncoding = 4; lastKnownFileType = sourcecode.c.objc; path = ECursorShape.m; sourceTree = "<group>"; };
		49B61C27187528FD00B966DB /* ETriangle.h */ = {isa = PBXFileReference; fileEncoding = 4; lastKnownFileType = sourcecode.c.h; path = ETriangle.h; sourceTree = "<group>"; };
		49B61C28187528FD00B966DB /* ETriangle.m */ = {isa = PBXFileReference; fileEncoding = 4; lastKnownFileType = sourcecode.c.objc; path = ETriangle.m; sourceTree = "<group>"; };
		49B61C2D18752A3300B966DB /* EPoint.h */ = {isa = PBXFileReference; fileEncoding = 4; lastKnownFileType = sourcecode.c.h; path = EPoint.h; sourceTree = "<group>"; };
		49B61C2E18752A3300B966DB /* EPoint.m */ = {isa = PBXFileReference; fileEncoding = 4; lastKnownFileType = sourcecode.c.objc; path = EPoint.m; sourceTree = "<group>"; };
		49B61C3018752C0C00B966DB /* EGeometric.h */ = {isa = PBXFileReference; fileEncoding = 4; lastKnownFileType = sourcecode.c.h; path = EGeometric.h; sourceTree = "<group>"; };
		49B61C3118752C0C00B966DB /* EGeometric.m */ = {isa = PBXFileReference; fileEncoding = 4; lastKnownFileType = sourcecode.c.objc; path = EGeometric.m; sourceTree = "<group>"; };
		49B61C3318752C3500B966DB /* EColor.h */ = {isa = PBXFileReference; fileEncoding = 4; lastKnownFileType = sourcecode.c.h; path = EColor.h; sourceTree = "<group>"; };
		49B61C3418752C3500B966DB /* EColor.m */ = {isa = PBXFileReference; fileEncoding = 4; lastKnownFileType = sourcecode.c.objc; path = EColor.m; sourceTree = "<group>"; };
		49B61C36187533C300B966DB /* ETrig.h */ = {isa = PBXFileReference; fileEncoding = 4; lastKnownFileType = sourcecode.c.h; path = ETrig.h; sourceTree = "<group>"; };
		49B61C37187533C300B966DB /* ETrig.m */ = {isa = PBXFileReference; fileEncoding = 4; lastKnownFileType = sourcecode.c.objc; path = ETrig.m; sourceTree = "<group>"; };
		49B6C0AE188CEDFB00EAE8CE /* GameManager.h */ = {isa = PBXFileReference; fileEncoding = 4; lastKnownFileType = sourcecode.c.h; name = GameManager.h; path = Managers/Game/GameManager.h; sourceTree = "<group>"; };
		49B6C0AF188CEDFB00EAE8CE /* GameManager.m */ = {isa = PBXFileReference; fileEncoding = 4; lastKnownFileType = sourcecode.c.objc; name = GameManager.m; path = Managers/Game/GameManager.m; sourceTree = "<group>"; };
		49B6C0B1188CEF1100EAE8CE /* ETicker.h */ = {isa = PBXFileReference; fileEncoding = 4; lastKnownFileType = sourcecode.c.h; name = ETicker.h; path = Managers/Game/ETicker.h; sourceTree = "<group>"; };
		49B6C0B2188CEF1100EAE8CE /* ETicker.m */ = {isa = PBXFileReference; fileEncoding = 4; lastKnownFileType = sourcecode.c.objc; name = ETicker.m; path = Managers/Game/ETicker.m; sourceTree = "<group>"; };
		49DCC41818778A4400C19123 /* EForce.h */ = {isa = PBXFileReference; fileEncoding = 4; lastKnownFileType = sourcecode.c.h; path = EForce.h; sourceTree = "<group>"; };
		49DCC41918778A4400C19123 /* EForce.m */ = {isa = PBXFileReference; fileEncoding = 4; lastKnownFileType = sourcecode.c.objc; path = EForce.m; sourceTree = "<group>"; };
/* End PBXFileReference section */

/* Begin PBXFrameworksBuildPhase section */
		4989C7491873B057001473AA /* Frameworks */ = {
			isa = PBXFrameworksBuildPhase;
			buildActionMask = 2147483647;
			files = (
				4989C7871873B320001473AA /* OpenGL.framework in Frameworks */,
				4989C7501873B057001473AA /* Cocoa.framework in Frameworks */,
			);
			runOnlyForDeploymentPostprocessing = 0;
		};
		4989C76A1873B057001473AA /* Frameworks */ = {
			isa = PBXFrameworksBuildPhase;
			buildActionMask = 2147483647;
			files = (
				4989C7701873B057001473AA /* Cocoa.framework in Frameworks */,
				4989C76F1873B057001473AA /* XCTest.framework in Frameworks */,
			);
			runOnlyForDeploymentPostprocessing = 0;
		};
/* End PBXFrameworksBuildPhase section */

/* Begin PBXGroup section */
		49101C84188CAF0800E628B4 /* Managers */ = {
			isa = PBXGroup;
			children = (
				49B6C0AD188CEDE700EAE8CE /* Game */,
				49531C86188CE782006E48B5 /* Object */,
				49531C72188CDD03006E48B5 /* Input */,
				49101C89188CB15800E628B4 /* ManagerHeader.pch */,
				49531C7C188CDEC9006E48B5 /* ObjectTypes */,
				49101C85188CAF0F00E628B4 /* OpenGL */,
				49101C8A188CB62D00E628B4 /* Window */,
			);
			name = Managers;
			sourceTree = "<group>";
		};
		49101C85188CAF0F00E628B4 /* OpenGL */ = {
			isa = PBXGroup;
			children = (
				49101C81188CAEFF00E628B4 /* OpenGLManager.h */,
				49101C82188CAEFF00E628B4 /* OpenGLManager.m */,
			);
			name = OpenGL;
			sourceTree = "<group>";
		};
		49101C8A188CB62D00E628B4 /* Window */ = {
			isa = PBXGroup;
			children = (
				49101C8B188CB64600E628B4 /* WindowManager.h */,
				49101C8C188CB64600E628B4 /* WindowManager.m */,
			);
			name = Window;
			sourceTree = "<group>";
		};
		49101C8F188CCF4600E628B4 /* Old */ = {
			isa = PBXGroup;
			children = (
				494405E3188AC83C00146655 /* World */,
				49519FB3187782E50038D7D0 /* Object Testing */,
				4967246C1877688F00A4B67A /* Events */,
				49672468187745EF00A4B67A /* General */,
				4924083B18761D80006B6A1A /* Window Control */,
				49240833187616D6006B6A1A /* OpenGL Control */,
				49B61C26187528E400B966DB /* Geometry */,
				4989C78E1874EEDD001473AA /* Categories */,
				4989C78C1874E73B001473AA /* Math */,
				4989C78D1874E757001473AA /* Engine.h */,
			);
			name = Old;
			sourceTree = "<group>";
		};
		49101C91188CCF9B00E628B4 /* Data Structures */ = {
			isa = PBXGroup;
			children = (
				49101C92188CCFC100E628B4 /* ESize.h */,
				49101C93188CCFC100E628B4 /* ESize.m */,
				49101C97188CD3FD00E628B4 /* EOrtho.h */,
				49101C98188CD3FD00E628B4 /* EOrtho.m */,
				49101C9A188CD4D900E628B4 /* EColor.h */,
				49101C9B188CD4D900E628B4 /* EColor.m */,
				49531C8D188CE8CD006E48B5 /* EPoint.h */,
				49531C8E188CE8CD006E48B5 /* EPoint.m */,
				49531C90188CE921006E48B5 /* EShape.h */,
				49531C91188CE921006E48B5 /* EShape.m */,
			);
			name = "Data Structures";
			sourceTree = "<group>";
		};
		49240833187616D6006B6A1A /* OpenGL Control */ = {
			isa = PBXGroup;
			children = (
				492408341876176F006B6A1A /* EGLControl.h */,
				492408351876176F006B6A1A /* EGLControl.m */,
				4967241318761F6B00A4B67A /* ETicker.h */,
				4967241418761F6B00A4B67A /* ETicker.m */,
				496724161876202700A4B67A /* EGame.h */,
				496724171876202700A4B67A /* EGame.m */,
			);
			name = "OpenGL Control";
			sourceTree = "<group>";
		};
		4924083B18761D80006B6A1A /* Window Control */ = {
			isa = PBXGroup;
			children = (
				4924083C18761D8F006B6A1A /* ECursor.h */,
				4924083D18761D8F006B6A1A /* ECursor.m */,
				49519FAD18777F280038D7D0 /* EInput.h */,
				49519FAE18777F280038D7D0 /* EInput.m */,
			);
			name = "Window Control";
			sourceTree = "<group>";
		};
		494405E3188AC83C00146655 /* World */ = {
			isa = PBXGroup;
			children = (
				494405E4188AC84900146655 /* Levels */,
			);
			name = World;
			sourceTree = "<group>";
		};
		494405E4188AC84900146655 /* Levels */ = {
			isa = PBXGroup;
			children = (
				494405F1188AC8E100146655 /* Entity.h */,
				494405F2188AC8E100146655 /* Entity.m */,
				494405E7188AC85D00146655 /* Player */,
				494405E6188AC85700146655 /* Objects */,
				494405E5188AC84F00146655 /* Environment */,
			);
			name = Levels;
			sourceTree = "<group>";
		};
		494405E5188AC84F00146655 /* Environment */ = {
			isa = PBXGroup;
			children = (
				494405E8188AC88700146655 /* Environment.h */,
				494405E9188AC88700146655 /* Environment.m */,
				49101C7E188CA92600E628B4 /* Level1.h */,
				49101C7F188CA92600E628B4 /* Level1.m */,
			);
			name = Environment;
			sourceTree = "<group>";
		};
		494405E6188AC85700146655 /* Objects */ = {
			isa = PBXGroup;
			children = (
				494405EE188AC8A100146655 /* Enemy.h */,
				494405EF188AC8A100146655 /* Enemy.m */,
			);
			name = Objects;
			sourceTree = "<group>";
		};
		494405E7188AC85D00146655 /* Player */ = {
			isa = PBXGroup;
			children = (
				494405EB188AC89600146655 /* Player.h */,
				494405EC188AC89600146655 /* Player.m */,
			);
			name = Player;
			sourceTree = "<group>";
		};
		49519FB3187782E50038D7D0 /* Object Testing */ = {
			isa = PBXGroup;
			children = (
				49519FB0187780B40038D7D0 /* EObjectController.h */,
				49519FB1187780B40038D7D0 /* EObjectController.m */,
				49519FB4187782F90038D7D0 /* EFlashingTriangle.h */,
				49519FB5187782F90038D7D0 /* EFlashingTriangle.m */,
				49519FB7187783070038D7D0 /* EFallingTriangle.h */,
				49519FB8187783070038D7D0 /* EFallingTriangle.m */,
			);
			name = "Object Testing";
			sourceTree = "<group>";
		};
		49531C72188CDD03006E48B5 /* Input */ = {
			isa = PBXGroup;
			children = (
				49531C83188CE285006E48B5 /* InputManager.h */,
				49531C84188CE285006E48B5 /* InputManager.m */,
			);
			name = Input;
			sourceTree = "<group>";
		};
		49531C76188CDD58006E48B5 /* Protocols */ = {
			isa = PBXGroup;
			children = (
				49531C77188CDD7B006E48B5 /* TransmitterProtocol.h */,
				49531C78188CDD8A006E48B5 /* ReceiverProtocol.h */,
			);
			name = Protocols;
			sourceTree = "<group>";
		};
		49531C7C188CDEC9006E48B5 /* ObjectTypes */ = {
			isa = PBXGroup;
			children = (
				49531C7D188CDEE7006E48B5 /* Manager.h */,
				49531C7E188CDEE7006E48B5 /* Manager.m */,
				49531C79188CDEC5006E48B5 /* Transmitter.h */,
				49531C7A188CDEC5006E48B5 /* Transmitter.m */,
			);
			name = ObjectTypes;
			sourceTree = "<group>";
		};
		49531C86188CE782006E48B5 /* Object */ = {
			isa = PBXGroup;
			children = (
				49531C87188CE798006E48B5 /* ObjectManager.h */,
				49531C88188CE798006E48B5 /* ObjectManager.m */,
				49531C8A188CE7CB006E48B5 /* EObject.h */,
				49531C8B188CE7CB006E48B5 /* EObject.m */,
			);
			name = Object;
			sourceTree = "<group>";
		};
		49672468187745EF00A4B67A /* General */ = {
			isa = PBXGroup;
			children = (
				498CE8811877B4D100B24383 /* ECollision.h */,
				498CE8821877B4D100B24383 /* ECollision.m */,
			);
			name = General;
			sourceTree = "<group>";
		};
		4967246C1877688F00A4B67A /* Events */ = {
			isa = PBXGroup;
			children = (
				496724691877460700A4B67A /* EEventQueue.h */,
				4967246A1877460700A4B67A /* EEventQueue.m */,
				4967246D187768A200A4B67A /* EEventObject.h */,
				4967246E187768A200A4B67A /* EEventObject.m */,
				494405FA188ACA9C00146655 /* EMouseEvent.h */,
				494405FB188ACA9C00146655 /* EMouseEvent.m */,
			);
			name = Events;
			sourceTree = "<group>";
		};
		4989C7431873B057001473AA = {
			isa = PBXGroup;
			children = (
				4989C7551873B057001473AA /* FunWithOpenGL */,
				4989C7731873B057001473AA /* FunWithOpenGLTests */,
				4989C74E1873B057001473AA /* Frameworks */,
				4989C74D1873B057001473AA /* Products */,
			);
			sourceTree = "<group>";
		};
		4989C74D1873B057001473AA /* Products */ = {
			isa = PBXGroup;
			children = (
				4989C74C1873B057001473AA /* FunWithOpenGL.app */,
				4989C76D1873B057001473AA /* FunWithOpenGLTests.xctest */,
			);
			name = Products;
			sourceTree = "<group>";
		};
		4989C74E1873B057001473AA /* Frameworks */ = {
			isa = PBXGroup;
			children = (
				4989C7861873B320001473AA /* OpenGL.framework */,
				4989C74F1873B057001473AA /* Cocoa.framework */,
				4989C76E1873B057001473AA /* XCTest.framework */,
				4989C7511873B057001473AA /* Other Frameworks */,
			);
			name = Frameworks;
			sourceTree = "<group>";
		};
		4989C7511873B057001473AA /* Other Frameworks */ = {
			isa = PBXGroup;
			children = (
				4989C7521873B057001473AA /* AppKit.framework */,
				4989C7531873B057001473AA /* CoreData.framework */,
				4989C7541873B057001473AA /* Foundation.framework */,
			);
			name = "Other Frameworks";
			sourceTree = "<group>";
		};
		4989C7551873B057001473AA /* FunWithOpenGL */ = {
			isa = PBXGroup;
			children = (
				4989C7611873B057001473AA /* AppDelegate.h */,
				4989C7621873B057001473AA /* AppDelegate.m */,
				4989C7881874E2AE001473AA /* Engine */,
				4989C7831873B0BD001473AA /* MainView.h */,
				4989C7841873B0BD001473AA /* MainView.m */,
				49101C84188CAF0800E628B4 /* Managers */,
				49101C8F188CCF4600E628B4 /* Old */,
				4989C7561873B057001473AA /* Supporting Files */,
			);
			path = FunWithOpenGL;
			sourceTree = "<group>";
		};
		4989C7561873B057001473AA /* Supporting Files */ = {
			isa = PBXGroup;
			children = (
				4989C7671873B057001473AA /* Images.xcassets */,
				4989C7571873B057001473AA /* FunWithOpenGL-Info.plist */,
				4989C75B1873B057001473AA /* main.m */,
				4989C75D1873B057001473AA /* FunWithOpenGL-Prefix.pch */,
				4989C75E1873B057001473AA /* Credits.rtf */,
			);
			name = "Supporting Files";
			sourceTree = "<group>";
		};
		4989C7731873B057001473AA /* FunWithOpenGLTests */ = {
			isa = PBXGroup;
			children = (
				4989C7791873B057001473AA /* FunWithOpenGLTests.m */,
				4989C7741873B057001473AA /* Supporting Files */,
			);
			path = FunWithOpenGLTests;
			sourceTree = "<group>";
		};
		4989C7741873B057001473AA /* Supporting Files */ = {
			isa = PBXGroup;
			children = (
				4989C7751873B057001473AA /* FunWithOpenGLTests-Info.plist */,
				4989C7761873B057001473AA /* InfoPlist.strings */,
			);
			name = "Supporting Files";
			sourceTree = "<group>";
		};
		4989C7881874E2AE001473AA /* Engine */ = {
			isa = PBXGroup;
			children = (
				49531C76188CDD58006E48B5 /* Protocols */,
				49101C91188CCF9B00E628B4 /* Data Structures */,
				49101C95188CD00100E628B4 /* EngineHeader.pch */,
			);
			name = Engine;
			sourceTree = "<group>";
		};
		4989C78C1874E73B001473AA /* Math */ = {
			isa = PBXGroup;
			children = (
				4989C7891874E2BF001473AA /* EVector.h */,
				4989C78A1874E2BF001473AA /* EVector.m */,
				49B61C36187533C300B966DB /* ETrig.h */,
				49B61C37187533C300B966DB /* ETrig.m */,
				49672419187634AB00A4B67A /* ERandom.h */,
				4967241A187634AB00A4B67A /* ERandom.m */,
				4967241C187638C700A4B67A /* EGeneralMath.h */,
				4967241D187638C700A4B67A /* EGeneralMath.m */,
				49DCC41818778A4400C19123 /* EForce.h */,
				49DCC41918778A4400C19123 /* EForce.m */,
			);
			name = Math;
			sourceTree = "<group>";
		};
		4989C78E1874EEDD001473AA /* Categories */ = {
			isa = PBXGroup;
			children = (
			);
			name = Categories;
			sourceTree = "<group>";
		};
		49B61C26187528E400B966DB /* Geometry */ = {
			isa = PBXGroup;
			children = (
				49B61C27187528FD00B966DB /* ETriangle.h */,
				49B61C28187528FD00B966DB /* ETriangle.m */,
				49B61C2D18752A3300B966DB /* EPoint.h */,
				49B61C2E18752A3300B966DB /* EPoint.m */,
				49B61C3018752C0C00B966DB /* EGeometric.h */,
				49B61C3118752C0C00B966DB /* EGeometric.m */,
				49B61C3318752C3500B966DB /* EColor.h */,
				49B61C3418752C3500B966DB /* EColor.m */,
				4924083718761B95006B6A1A /* EPolygon.h */,
				4924083818761B95006B6A1A /* EPolygon.m */,
				4994440818777C1000D91793 /* ECursorShape.h */,
				4994440918777C1000D91793 /* ECursorShape.m */,
			);
			name = Geometry;
			sourceTree = "<group>";
		};
		49B6C0AD188CEDE700EAE8CE /* Game */ = {
			isa = PBXGroup;
			children = (
				49B6C0AE188CEDFB00EAE8CE /* GameManager.h */,
				49B6C0AF188CEDFB00EAE8CE /* GameManager.m */,
				49B6C0B1188CEF1100EAE8CE /* ETicker.h */,
				49B6C0B2188CEF1100EAE8CE /* ETicker.m */,
			);
			name = Game;
			sourceTree = "<group>";
		};
/* End PBXGroup section */

/* Begin PBXNativeTarget section */
		4989C74B1873B057001473AA /* FunWithOpenGL */ = {
			isa = PBXNativeTarget;
			buildConfigurationList = 4989C77D1873B057001473AA /* Build configuration list for PBXNativeTarget "FunWithOpenGL" */;
			buildPhases = (
				4989C7481873B057001473AA /* Sources */,
				4989C7491873B057001473AA /* Frameworks */,
				4989C74A1873B057001473AA /* Resources */,
			);
			buildRules = (
			);
			dependencies = (
			);
			name = FunWithOpenGL;
			productName = FunWithOpenGL;
			productReference = 4989C74C1873B057001473AA /* FunWithOpenGL.app */;
			productType = "com.apple.product-type.application";
		};
		4989C76C1873B057001473AA /* FunWithOpenGLTests */ = {
			isa = PBXNativeTarget;
			buildConfigurationList = 4989C7801873B057001473AA /* Build configuration list for PBXNativeTarget "FunWithOpenGLTests" */;
			buildPhases = (
				4989C7691873B057001473AA /* Sources */,
				4989C76A1873B057001473AA /* Frameworks */,
				4989C76B1873B057001473AA /* Resources */,
			);
			buildRules = (
			);
			dependencies = (
				4989C7721873B057001473AA /* PBXTargetDependency */,
			);
			name = FunWithOpenGLTests;
			productName = FunWithOpenGLTests;
			productReference = 4989C76D1873B057001473AA /* FunWithOpenGLTests.xctest */;
			productType = "com.apple.product-type.bundle.unit-test";
		};
/* End PBXNativeTarget section */

/* Begin PBXProject section */
		4989C7441873B057001473AA /* Project object */ = {
			isa = PBXProject;
			attributes = {
				CLASSPREFIX = FWOGL;
				LastUpgradeCheck = 0500;
				ORGANIZATIONNAME = Deloitte;
				TargetAttributes = {
					4989C76C1873B057001473AA = {
						TestTargetID = 4989C74B1873B057001473AA;
					};
				};
			};
			buildConfigurationList = 4989C7471873B057001473AA /* Build configuration list for PBXProject "FunWithOpenGL" */;
			compatibilityVersion = "Xcode 3.2";
			developmentRegion = English;
			hasScannedForEncodings = 0;
			knownRegions = (
				en,
				Base,
			);
			mainGroup = 4989C7431873B057001473AA;
			productRefGroup = 4989C74D1873B057001473AA /* Products */;
			projectDirPath = "";
			projectRoot = "";
			targets = (
				4989C74B1873B057001473AA /* FunWithOpenGL */,
				4989C76C1873B057001473AA /* FunWithOpenGLTests */,
			);
		};
/* End PBXProject section */

/* Begin PBXResourcesBuildPhase section */
		4989C74A1873B057001473AA /* Resources */ = {
			isa = PBXResourcesBuildPhase;
			buildActionMask = 2147483647;
			files = (
				4989C7681873B057001473AA /* Images.xcassets in Resources */,
				4989C7601873B057001473AA /* Credits.rtf in Resources */,
			);
			runOnlyForDeploymentPostprocessing = 0;
		};
		4989C76B1873B057001473AA /* Resources */ = {
			isa = PBXResourcesBuildPhase;
			buildActionMask = 2147483647;
			files = (
				4989C7781873B057001473AA /* InfoPlist.strings in Resources */,
			);
			runOnlyForDeploymentPostprocessing = 0;
		};
/* End PBXResourcesBuildPhase section */

/* Begin PBXSourcesBuildPhase section */
		4989C7481873B057001473AA /* Sources */ = {
			isa = PBXSourcesBuildPhase;
			buildActionMask = 2147483647;
			files = (
				49101C96188CD26700E628B4 /* ESize.m in Sources */,
				49531C92188CE921006E48B5 /* EShape.m in Sources */,
				49101C8E188CCC2900E628B4 /* main.m in Sources */,
				49101C9C188CD4D900E628B4 /* EColor.m in Sources */,
				49531C8C188CE7CB006E48B5 /* EObject.m in Sources */,
				4989C7851873B0BD001473AA /* MainView.m in Sources */,
				49531C89188CE798006E48B5 /* ObjectManager.m in Sources */,
				4989C7631873B057001473AA /* AppDelegate.m in Sources */,
				49101C99188CD3FD00E628B4 /* EOrtho.m in Sources */,
				49531C8F188CE8CD006E48B5 /* EPoint.m in Sources */,
				49101C83188CAEFF00E628B4 /* OpenGLManager.m in Sources */,
				49531C7B188CDEC5006E48B5 /* Transmitter.m in Sources */,
				49531C85188CE285006E48B5 /* InputManager.m in Sources */,
				49B6C0B0188CEDFB00EAE8CE /* GameManager.m in Sources */,
				49B6C0B3188CEF1100EAE8CE /* ETicker.m in Sources */,
				49531C7F188CDEE7006E48B5 /* Manager.m in Sources */,
				49101C8D188CB64600E628B4 /* WindowManager.m in Sources */,
			);
			runOnlyForDeploymentPostprocessing = 0;
		};
		4989C7691873B057001473AA /* Sources */ = {
			isa = PBXSourcesBuildPhase;
			buildActionMask = 2147483647;
			files = (
				4989C77A1873B057001473AA /* FunWithOpenGLTests.m in Sources */,
			);
			runOnlyForDeploymentPostprocessing = 0;
		};
/* End PBXSourcesBuildPhase section */

/* Begin PBXTargetDependency section */
		4989C7721873B057001473AA /* PBXTargetDependency */ = {
			isa = PBXTargetDependency;
			target = 4989C74B1873B057001473AA /* FunWithOpenGL */;
			targetProxy = 4989C7711873B057001473AA /* PBXContainerItemProxy */;
		};
/* End PBXTargetDependency section */

/* Begin PBXVariantGroup section */
		4989C75E1873B057001473AA /* Credits.rtf */ = {
			isa = PBXVariantGroup;
			children = (
				4989C75F1873B057001473AA /* en */,
			);
			name = Credits.rtf;
			sourceTree = "<group>";
		};
		4989C7761873B057001473AA /* InfoPlist.strings */ = {
			isa = PBXVariantGroup;
			children = (
				4989C7771873B057001473AA /* en */,
			);
			name = InfoPlist.strings;
			sourceTree = "<group>";
		};
/* End PBXVariantGroup section */

/* Begin XCBuildConfiguration section */
		4989C77B1873B057001473AA /* Debug */ = {
			isa = XCBuildConfiguration;
			buildSettings = {
				ALWAYS_SEARCH_USER_PATHS = NO;
				CLANG_CXX_LANGUAGE_STANDARD = "gnu++0x";
				CLANG_CXX_LIBRARY = "libc++";
				CLANG_ENABLE_OBJC_ARC = YES;
				CLANG_WARN_BOOL_CONVERSION = YES;
				CLANG_WARN_CONSTANT_CONVERSION = YES;
				CLANG_WARN_DIRECT_OBJC_ISA_USAGE = YES_ERROR;
				CLANG_WARN_EMPTY_BODY = YES;
				CLANG_WARN_ENUM_CONVERSION = YES;
				CLANG_WARN_INT_CONVERSION = YES;
				CLANG_WARN_OBJC_ROOT_CLASS = YES_ERROR;
				CLANG_WARN__DUPLICATE_METHOD_MATCH = YES;
				COPY_PHASE_STRIP = NO;
				GCC_C_LANGUAGE_STANDARD = gnu99;
				GCC_DYNAMIC_NO_PIC = NO;
				GCC_ENABLE_OBJC_EXCEPTIONS = YES;
				GCC_OPTIMIZATION_LEVEL = 0;
				GCC_PREPROCESSOR_DEFINITIONS = (
					"DEBUG=1",
					"$(inherited)",
				);
				GCC_SYMBOLS_PRIVATE_EXTERN = NO;
				GCC_WARN_64_TO_32_BIT_CONVERSION = YES;
				GCC_WARN_ABOUT_RETURN_TYPE = YES_ERROR;
				GCC_WARN_UNDECLARED_SELECTOR = YES;
				GCC_WARN_UNINITIALIZED_AUTOS = YES;
				GCC_WARN_UNUSED_FUNCTION = YES;
				GCC_WARN_UNUSED_VARIABLE = YES;
				MACOSX_DEPLOYMENT_TARGET = 10.9;
				ONLY_ACTIVE_ARCH = YES;
				SDKROOT = macosx;
			};
			name = Debug;
		};
		4989C77C1873B057001473AA /* Release */ = {
			isa = XCBuildConfiguration;
			buildSettings = {
				ALWAYS_SEARCH_USER_PATHS = NO;
				CLANG_CXX_LANGUAGE_STANDARD = "gnu++0x";
				CLANG_CXX_LIBRARY = "libc++";
				CLANG_ENABLE_OBJC_ARC = YES;
				CLANG_WARN_BOOL_CONVERSION = YES;
				CLANG_WARN_CONSTANT_CONVERSION = YES;
				CLANG_WARN_DIRECT_OBJC_ISA_USAGE = YES_ERROR;
				CLANG_WARN_EMPTY_BODY = YES;
				CLANG_WARN_ENUM_CONVERSION = YES;
				CLANG_WARN_INT_CONVERSION = YES;
				CLANG_WARN_OBJC_ROOT_CLASS = YES_ERROR;
				CLANG_WARN__DUPLICATE_METHOD_MATCH = YES;
				COPY_PHASE_STRIP = YES;
				DEBUG_INFORMATION_FORMAT = "dwarf-with-dsym";
				ENABLE_NS_ASSERTIONS = NO;
				GCC_C_LANGUAGE_STANDARD = gnu99;
				GCC_ENABLE_OBJC_EXCEPTIONS = YES;
				GCC_WARN_64_TO_32_BIT_CONVERSION = YES;
				GCC_WARN_ABOUT_RETURN_TYPE = YES_ERROR;
				GCC_WARN_UNDECLARED_SELECTOR = YES;
				GCC_WARN_UNINITIALIZED_AUTOS = YES;
				GCC_WARN_UNUSED_FUNCTION = YES;
				GCC_WARN_UNUSED_VARIABLE = YES;
				MACOSX_DEPLOYMENT_TARGET = 10.9;
				SDKROOT = macosx;
			};
			name = Release;
		};
		4989C77E1873B057001473AA /* Debug */ = {
			isa = XCBuildConfiguration;
			buildSettings = {
				ASSETCATALOG_COMPILER_APPICON_NAME = AppIcon;
				COMBINE_HIDPI_IMAGES = YES;
				GCC_PRECOMPILE_PREFIX_HEADER = YES;
				GCC_PREFIX_HEADER = "FunWithOpenGL/FunWithOpenGL-Prefix.pch";
				INFOPLIST_FILE = "FunWithOpenGL/FunWithOpenGL-Info.plist";
				PRODUCT_NAME = "$(TARGET_NAME)";
				WRAPPER_EXTENSION = app;
			};
			name = Debug;
		};
		4989C77F1873B057001473AA /* Release */ = {
			isa = XCBuildConfiguration;
			buildSettings = {
				ASSETCATALOG_COMPILER_APPICON_NAME = AppIcon;
				COMBINE_HIDPI_IMAGES = YES;
				GCC_PRECOMPILE_PREFIX_HEADER = YES;
				GCC_PREFIX_HEADER = "FunWithOpenGL/FunWithOpenGL-Prefix.pch";
				INFOPLIST_FILE = "FunWithOpenGL/FunWithOpenGL-Info.plist";
				PRODUCT_NAME = "$(TARGET_NAME)";
				WRAPPER_EXTENSION = app;
			};
			name = Release;
		};
		4989C7811873B057001473AA /* Debug */ = {
			isa = XCBuildConfiguration;
			buildSettings = {
				BUNDLE_LOADER = "$(BUILT_PRODUCTS_DIR)/FunWithOpenGL.app/Contents/MacOS/FunWithOpenGL";
				COMBINE_HIDPI_IMAGES = YES;
				FRAMEWORK_SEARCH_PATHS = (
					"$(DEVELOPER_FRAMEWORKS_DIR)",
					"$(inherited)",
				);
				GCC_PRECOMPILE_PREFIX_HEADER = YES;
				GCC_PREFIX_HEADER = "FunWithOpenGL/FunWithOpenGL-Prefix.pch";
				GCC_PREPROCESSOR_DEFINITIONS = (
					"DEBUG=1",
					"$(inherited)",
				);
				INFOPLIST_FILE = "FunWithOpenGLTests/FunWithOpenGLTests-Info.plist";
				PRODUCT_NAME = "$(TARGET_NAME)";
				TEST_HOST = "$(BUNDLE_LOADER)";
				WRAPPER_EXTENSION = xctest;
			};
			name = Debug;
		};
		4989C7821873B057001473AA /* Release */ = {
			isa = XCBuildConfiguration;
			buildSettings = {
				BUNDLE_LOADER = "$(BUILT_PRODUCTS_DIR)/FunWithOpenGL.app/Contents/MacOS/FunWithOpenGL";
				COMBINE_HIDPI_IMAGES = YES;
				FRAMEWORK_SEARCH_PATHS = (
					"$(DEVELOPER_FRAMEWORKS_DIR)",
					"$(inherited)",
				);
				GCC_PRECOMPILE_PREFIX_HEADER = YES;
				GCC_PREFIX_HEADER = "FunWithOpenGL/FunWithOpenGL-Prefix.pch";
				INFOPLIST_FILE = "FunWithOpenGLTests/FunWithOpenGLTests-Info.plist";
				PRODUCT_NAME = "$(TARGET_NAME)";
				TEST_HOST = "$(BUNDLE_LOADER)";
				WRAPPER_EXTENSION = xctest;
			};
			name = Release;
		};
/* End XCBuildConfiguration section */

/* Begin XCConfigurationList section */
		4989C7471873B057001473AA /* Build configuration list for PBXProject "FunWithOpenGL" */ = {
			isa = XCConfigurationList;
			buildConfigurations = (
				4989C77B1873B057001473AA /* Debug */,
				4989C77C1873B057001473AA /* Release */,
			);
			defaultConfigurationIsVisible = 0;
			defaultConfigurationName = Release;
		};
		4989C77D1873B057001473AA /* Build configuration list for PBXNativeTarget "FunWithOpenGL" */ = {
			isa = XCConfigurationList;
			buildConfigurations = (
				4989C77E1873B057001473AA /* Debug */,
				4989C77F1873B057001473AA /* Release */,
			);
			defaultConfigurationIsVisible = 0;
			defaultConfigurationName = Release;
		};
		4989C7801873B057001473AA /* Build configuration list for PBXNativeTarget "FunWithOpenGLTests" */ = {
			isa = XCConfigurationList;
			buildConfigurations = (
				4989C7811873B057001473AA /* Debug */,
				4989C7821873B057001473AA /* Release */,
			);
			defaultConfigurationIsVisible = 0;
			defaultConfigurationName = Release;
		};
/* End XCConfigurationList section */
	};
	rootObject = 4989C7441873B057001473AA /* Project object */;
}
